// !$*UTF8*$!
{
	archiveVersion = 1;
	classes = {
	};
	objectVersion = 77;
	objects = {

/* Begin PBXBuildFile section */
		FA4BF89F2F9FE92B007B8755 /* SecureView.swift in Sources */ = {isa = PBXBuildFile; fileRef = FA4BF8742F9FE92B007B8755 /* SecureView.swift */; };
		FA4BF8A02F9FE92B007B8755 /* DesignSystem.swift in Sources */ = {isa = PBXBuildFile; fileRef = FA4BF8832F9FE92B007B8755 /* DesignSystem.swift */; };
		FA4BF8A12F9FE92B007B8755 /* DashboardView.swift in Sources */ = {isa = PBXBuildFile; fileRef = FA4BF8892F9FE92B007B8755 /* DashboardView.swift */; };
		FA4BF8A22F9FE92B007B8755 /* Models.swift in Sources */ = {isa = PBXBuildFile; fileRef = FA4BF86C2F9FE92B007B8755 /* Models.swift */; };
		FA4BF8A32F9FE92B007B8755 /* KeychainManager.swift in Sources */ = {isa = PBXBuildFile; fileRef = FA4BF8732F9FE92B007B8755 /* KeychainManager.swift */; };
		FA4BF8A42F9FE92B007B8755 /* PaywallView.swift in Sources */ = {isa = PBXBuildFile; fileRef = FA4BF8952F9FE92B007B8755 /* PaywallView.swift */; };
		FA4BF8A52F9FE92B007B8755 /* BiometricAuthManager.swift in Sources */ = {isa = PBXBuildFile; fileRef = FA4BF8722F9FE92B007B8755 /* BiometricAuthManager.swift */; };
		FA4BF8A62F9FE92B007B8755 /* TrimApp.swift in Sources */ = {isa = PBXBuildFile; fileRef = FA4BF8642F9FE92B007B8755 /* TrimApp.swift */; };
		FA4BF8A72F9FE92B007B8755 /* CurrencyModels.swift in Sources */ = {isa = PBXBuildFile; fileRef = FA4BF86B2F9FE92B007B8755 /* CurrencyModels.swift */; };
		FA4BF8A82F9FE92B007B8755 /* SecurityManager.swift in Sources */ = {isa = PBXBuildFile; fileRef = FA4BF8752F9FE92B007B8755 /* SecurityManager.swift */; };
		FA4BF8A92F9FE92B007B8755 /* SavingsDashboardView.swift in Sources */ = {isa = PBXBuildFile; fileRef = FA4BF88A2F9FE92B007B8755 /* SavingsDashboardView.swift */; };
		FA4BF8AA2F9FE92B007B8755 /* OnboardingView.swift in Sources */ = {isa = PBXBuildFile; fileRef = FA4BF8922F9FE92B007B8755 /* OnboardingView.swift */; };
		FA4BF8AB2F9FE92B007B8755 /* NegotiationEngine.swift in Sources */ = {isa = PBXBuildFile; fileRef = FA4BF8682F9FE92B007B8755 /* NegotiationEngine.swift */; };
		FA4BF8AC2F9FE92B007B8755 /* PaywallManager.swift in Sources */ = {isa = PBXBuildFile; fileRef = FA4BF8942F9FE92B007B8755 /* PaywallManager.swift */; };
		FA4BF8AD2F9FE92B007B8755 /* SecurityTransition.swift in Sources */ = {isa = PBXBuildFile; fileRef = FA4BF8762F9FE92B007B8755 /* SecurityTransition.swift */; };
		FA4BF8AF2F9FE92B007B8755 /* CurrencySelectionView.swift in Sources */ = {isa = PBXBuildFile; fileRef = FA4BF8912F9FE92B007B8755 /* CurrencySelectionView.swift */; };
		FA4BF8B02F9FE92B007B8755 /* SessionManager.swift in Sources */ = {isa = PBXBuildFile; fileRef = FA4BF8782F9FE92B007B8755 /* SessionManager.swift */; };
		FA4BF8B12F9FE92B007B8755 /* RootView.swift in Sources */ = {isa = PBXBuildFile; fileRef = FA4BF8632F9FE92B007B8755 /* RootView.swift */; };
		FA4BF8B22F9FE92B007B8755 /* LockView.swift in Sources */ = {isa = PBXBuildFile; fileRef = FA4BF8622F9FE92B007B8755 /* LockView.swift */; };
		FA4BF8B32F9FE92B007B8755 /* CinematicIntroView.swift in Sources */ = {isa = PBXBuildFile; fileRef = FA4BF8902F9FE92B007B8755 /* CinematicIntroView.swift */; };
		FA4BF8B42F9FE92B007B8755 /* FreelancerEngine.swift in Sources */ = {isa = PBXBuildFile; fileRef = FA4BF8672F9FE92B007B8755 /* FreelancerEngine.swift */; };
		FA4BF8B52F9FE92B007B8755 /* TransactionSyncService.swift in Sources */ = {isa = PBXBuildFile; fileRef = FA4BF87D2F9FE92B007B8755 /* TransactionSyncService.swift */; };
		FA4BF8B62F9FE92B007B8755 /* NegotiationWorkflowView.swift in Sources */ = {isa = PBXBuildFile; fileRef = FA4BF89B2F9FE92B007B8755 /* NegotiationWorkflowView.swift */; };
		FA4BF8B72F9FE92B007B8755 /* FeedbackView.swift in Sources */ = {isa = PBXBuildFile; fileRef = FA4BF88C2F9FE92B007B8755 /* FeedbackView.swift */; };
		FA4BF8B82F9FE92B007B8755 /* PlaidLinkManager.swift in Sources */ = {isa = PBXBuildFile; fileRef = FA4BF87B2F9FE92B007B8755 /* PlaidLinkManager.swift */; };
		FA4BF8B92F9FE92B007B8755 /* NotificationIntelligenceEngine.swift in Sources */ = {isa = PBXBuildFile; fileRef = FA4BF8692F9FE92B007B8755 /* NotificationIntelligenceEngine.swift */; };
		FA4BF8BA2F9FE92B007B8755 /* ActivityTrackingModifier.swift in Sources */ = {isa = PBXBuildFile; fileRef = FA4BF8702F9FE92B007B8755 /* ActivityTrackingModifier.swift */; };
		FA4BF8BB2F9FE92B007B8755 /* SessionLockIndicator.swift in Sources */ = {isa = PBXBuildFile; fileRef = FA4BF8772F9FE92B007B8755 /* SessionLockIndicator.swift */; };
		FA4BF8BC2F9FE92B007B8755 /* TrimApiService.swift in Sources */ = {isa = PBXBuildFile; fileRef = FA4BF86E2F9FE92B007B8755 /* TrimApiService.swift */; };
		FA4BF8BD2F9FE92B007B8755 /* CurrencyAmountView.swift in Sources */ = {isa = PBXBuildFile; fileRef = FA4BF8822F9FE92B007B8755 /* CurrencyAmountView.swift */; };
		FA4BF8BF2F9FE92B007B8755 /* CurrencyService.swift in Sources */ = {isa = PBXBuildFile; fileRef = FA4BF87A2F9FE92B007B8755 /* CurrencyService.swift */; };
		FA4BF8C02F9FE92B007B8755 /* InsightsView.swift in Sources */ = {isa = PBXBuildFile; fileRef = FA4BF88E2F9FE92B007B8755 /* InsightsView.swift */; };
		FA4BF8C32F9FE92B007B8755 /* FinancialIntelligenceEngine.swift in Sources */ = {isa = PBXBuildFile; fileRef = FA4BF8662F9FE92B007B8755 /* FinancialIntelligenceEngine.swift */; };
		FA4BF8C42F9FE92B007B8755 /* SettingsView.swift in Sources */ = {isa = PBXBuildFile; fileRef = FA4BF8992F9FE92B007B8755 /* SettingsView.swift */; };
		FA4BF8C52F9FE92B007B8755 /* PlaidLinkView.swift in Sources */ = {isa = PBXBuildFile; fileRef = FA4BF87C2F9FE92B007B8755 /* PlaidLinkView.swift */; };
		FA4BF8C62F9FE92B007B8755 /* BankConnectionView.swift in Sources */ = {isa = PBXBuildFile; fileRef = FA4BF8872F9FE92B007B8755 /* BankConnectionView.swift */; };
		FAEF394D2FACE706002CD56B /* FirebaseAuth in Frameworks */ = {isa = PBXBuildFile; productRef = F13E57B1A1B2C3D4E5F60708 /* FirebaseAuth */; };
		FAEF394E2FACE706002CD56B /* FirebaseFirestore in Frameworks */ = {isa = PBXBuildFile; productRef = F13E57B2A1B2C3D4E5F60708 /* FirebaseFirestore */; };
		FAEF394F2FACE706002CD56B /* FirebaseAnalytics in Frameworks */ = {isa = PBXBuildFile; productRef = F13E57B3A1B2C3D4E5F60708 /* FirebaseAnalytics */; };
		FAEF3B8D2FAD0255002CD56B /* GoogleService-Info.plist in Resources */ = {isa = PBXBuildFile; fileRef = FAEF3B8C2FAD0255002CD56B /* GoogleService-Info.plist */; };
		FB3E97C5A1D24F3B8E1C9C01 /* AuthService.swift in Sources */ = {isa = PBXBuildFile; fileRef = FB3E97C5A1D24F3B8E1C9B01 /* AuthService.swift */; };
		FB3E97C5A1D24F3B8E1C9C02 /* AuthViewModel.swift in Sources */ = {isa = PBXBuildFile; fileRef = FB3E97C5A1D24F3B8E1C9B02 /* AuthViewModel.swift */; };
		FB3E97C5A1D24F3B8E1C9C03 /* AuthFlowView.swift in Sources */ = {isa = PBXBuildFile; fileRef = FB3E97C5A1D24F3B8E1C9B03 /* AuthFlowView.swift */; };
		FB3E97C5A1D24F3B8E1C9C04 /* LoginView.swift in Sources */ = {isa = PBXBuildFile; fileRef = FB3E97C5A1D24F3B8E1C9B04 /* LoginView.swift */; };
		FB3E97C5A1D24F3B8E1C9C05 /* RegisterView.swift in Sources */ = {isa = PBXBuildFile; fileRef = FB3E97C5A1D24F3B8E1C9B05 /* RegisterView.swift */; };
		FB3E97C5A1D24F3B8E1C9C06 /* ForgotPasswordView.swift in Sources */ = {isa = PBXBuildFile; fileRef = FB3E97C5A1D24F3B8E1C9B06 /* ForgotPasswordView.swift */; };
		FB3E97C5A1D24F3B8E1C9C07 /* MainTabView.swift in Sources */ = {isa = PBXBuildFile; fileRef = FB3E97C5A1D24F3B8E1C9B07 /* MainTabView.swift */; };
		FB3E97C5A1D24F3B8E1C9D22 /* UserProfile.swift in Sources */ = {isa = PBXBuildFile; fileRef = FB3E97C5A1D24F3B8E1C9D21 /* UserProfile.swift */; };
		FB3E97C5A1D24F3B8E1C9D24 /* UserProfileService.swift in Sources */ = {isa = PBXBuildFile; fileRef = FB3E97C5A1D24F3B8E1C9D23 /* UserProfileService.swift */; };
/* End PBXBuildFile section */

/* Begin PBXContainerItemProxy section */
		FA4BF8462F9FE808007B8755 /* PBXContainerItemProxy */ = {
			isa = PBXContainerItemProxy;
			containerPortal = FA4BF8302F9FE802007B8755 /* Project object */;
			proxyType = 1;
			remoteGlobalIDString = FA4BF8372F9FE802007B8755;
			remoteInfo = Trim;
		};
		FA4BF8502F9FE808007B8755 /* PBXContainerItemProxy */ = {
			isa = PBXContainerItemProxy;
			containerPortal = FA4BF8302F9FE802007B8755 /* Project object */;
			proxyType = 1;
			remoteGlobalIDString = FA4BF8372F9FE802007B8755;
			remoteInfo = Trim;
		};
/* End PBXContainerItemProxy section */

/* Begin PBXFileReference section */
		BEE72FEA9AF44EBAAC42DAD9 /* Trim/Assets.xcassets */ = {isa = PBXFileReference; lastKnownFileType = folder.assetcatalog; path = Trim/Assets.xcassets; sourceTree = SOURCE_ROOT; };
		FA4BF8382F9FE803007B8755 /* Trim.app */ = {isa = PBXFileReference; explicitFileType = wrapper.application; includeInIndex = 0; path = Trim.app; sourceTree = BUILT_PRODUCTS_DIR; };
		FA4BF8452F9FE808007B8755 /* TrimTests.xctest */ = {isa = PBXFileReference; explicitFileType = wrapper.cfbundle; includeInIndex = 0; path = TrimTests.xctest; sourceTree = BUILT_PRODUCTS_DIR; };
		FA4BF84F2F9FE808007B8755 /* TrimUITests.xctest */ = {isa = PBXFileReference; explicitFileType = wrapper.cfbundle; includeInIndex = 0; path = TrimUITests.xctest; sourceTree = BUILT_PRODUCTS_DIR; };
		FA4BF8622F9FE92B007B8755 /* LockView.swift */ = {isa = PBXFileReference; lastKnownFileType = sourcecode.swift; path = LockView.swift; sourceTree = "<group>"; };
		FA4BF8632F9FE92B007B8755 /* RootView.swift */ = {isa = PBXFileReference; lastKnownFileType = sourcecode.swift; path = RootView.swift; sourceTree = "<group>"; };
		FA4BF8642F9FE92B007B8755 /* TrimApp.swift */ = {isa = PBXFileReference; lastKnownFileType = sourcecode.swift; path = TrimApp.swift; sourceTree = "<group>"; };
		FA4BF8662F9FE92B007B8755 /* FinancialIntelligenceEngine.swift */ = {isa = PBXFileReference; lastKnownFileType = sourcecode.swift; path = FinancialIntelligenceEngine.swift; sourceTree = "<group>"; };
		FA4BF8672F9FE92B007B8755 /* FreelancerEngine.swift */ = {isa = PBXFileReference; lastKnownFileType = sourcecode.swift; path = FreelancerEngine.swift; sourceTree = "<group>"; };
		FA4BF8682F9FE92B007B8755 /* NegotiationEngine.swift */ = {isa = PBXFileReference; lastKnownFileType = sourcecode.swift; path = NegotiationEngine.swift; sourceTree = "<group>"; };
		FA4BF8692F9FE92B007B8755 /* NotificationIntelligenceEngine.swift */ = {isa = PBXFileReference; lastKnownFileType = sourcecode.swift; path = NotificationIntelligenceEngine.swift; sourceTree = "<group>"; };
		FA4BF86B2F9FE92B007B8755 /* CurrencyModels.swift */ = {isa = PBXFileReference; lastKnownFileType = sourcecode.swift; path = CurrencyModels.swift; sourceTree = "<group>"; };
		FA4BF86C2F9FE92B007B8755 /* Models.swift */ = {isa = PBXFileReference; lastKnownFileType = sourcecode.swift; path = Models.swift; sourceTree = "<group>"; };
		FA4BF86E2F9FE92B007B8755 /* TrimApiService.swift */ = {isa = PBXFileReference; lastKnownFileType = sourcecode.swift; path = TrimApiService.swift; sourceTree = "<group>"; };
		FA4BF8702F9FE92B007B8755 /* ActivityTrackingModifier.swift */ = {isa = PBXFileReference; lastKnownFileType = sourcecode.swift; path = ActivityTrackingModifier.swift; sourceTree = "<group>"; };
		FA4BF8722F9FE92B007B8755 /* BiometricAuthManager.swift */ = {isa = PBXFileReference; lastKnownFileType = sourcecode.swift; path = BiometricAuthManager.swift; sourceTree = "<group>"; };
		FA4BF8732F9FE92B007B8755 /* KeychainManager.swift */ = {isa = PBXFileReference; lastKnownFileType = sourcecode.swift; path = KeychainManager.swift; sourceTree = "<group>"; };
		FA4BF8742F9FE92B007B8755 /* SecureView.swift */ = {isa = PBXFileReference; lastKnownFileType = sourcecode.swift; path = SecureView.swift; sourceTree = "<group>"; };
		FA4BF8752F9FE92B007B8755 /* SecurityManager.swift */ = {isa = PBXFileReference; lastKnownFileType = sourcecode.swift; path = SecurityManager.swift; sourceTree = "<group>"; };
		FA4BF8762F9FE92B007B8755 /* SecurityTransition.swift */ = {isa = PBXFileReference; lastKnownFileType = sourcecode.swift; path = SecurityTransition.swift; sourceTree = "<group>"; };
		FA4BF8772F9FE92B007B8755 /* SessionLockIndicator.swift */ = {isa = PBXFileReference; lastKnownFileType = sourcecode.swift; path = SessionLockIndicator.swift; sourceTree = "<group>"; };
		FA4BF8782F9FE92B007B8755 /* SessionManager.swift */ = {isa = PBXFileReference; lastKnownFileType = sourcecode.swift; path = SessionManager.swift; sourceTree = "<group>"; };
		FA4BF87A2F9FE92B007B8755 /* CurrencyService.swift */ = {isa = PBXFileReference; lastKnownFileType = sourcecode.swift; path = CurrencyService.swift; sourceTree = "<group>"; };
		FA4BF87B2F9FE92B007B8755 /* PlaidLinkManager.swift */ = {isa = PBXFileReference; lastKnownFileType = sourcecode.swift; path = PlaidLinkManager.swift; sourceTree = "<group>"; };
		FA4BF87C2F9FE92B007B8755 /* PlaidLinkView.swift */ = {isa = PBXFileReference; lastKnownFileType = sourcecode.swift; path = PlaidLinkView.swift; sourceTree = "<group>"; };
		FA4BF87D2F9FE92B007B8755 /* TransactionSyncService.swift */ = {isa = PBXFileReference; lastKnownFileType = sourcecode.swift; path = TransactionSyncService.swift; sourceTree = "<group>"; };
		FA4BF87F2F9FE92B007B8755 /* TrimDesignSystem.swift */ = {isa = PBXFileReference; lastKnownFileType = sourcecode.swift; path = TrimDesignSystem.swift; sourceTree = "<group>"; };
		FA4BF8822F9FE92B007B8755 /* CurrencyAmountView.swift */ = {isa = PBXFileReference; lastKnownFileType = sourcecode.swift; path = CurrencyAmountView.swift; sourceTree = "<group>"; };
		FA4BF8832F9FE92B007B8755 /* DesignSystem.swift */ = {isa = PBXFileReference; lastKnownFileType = sourcecode.swift; path = DesignSystem.swift; sourceTree = "<group>"; };
		FA4BF8872F9FE92B007B8755 /* BankConnectionView.swift */ = {isa = PBXFileReference; lastKnownFileType = sourcecode.swift; path = BankConnectionView.swift; sourceTree = "<group>"; };
		FA4BF8892F9FE92B007B8755 /* DashboardView.swift */ = {isa = PBXFileReference; lastKnownFileType = sourcecode.swift; path = DashboardView.swift; sourceTree = "<group>"; };
		FA4BF88A2F9FE92B007B8755 /* SavingsDashboardView.swift */ = {isa = PBXFileReference; lastKnownFileType = sourcecode.swift; path = SavingsDashboardView.swift; sourceTree = "<group>"; };
		FA4BF88C2F9FE92B007B8755 /* FeedbackView.swift */ = {isa = PBXFileReference; lastKnownFileType = sourcecode.swift; path = FeedbackView.swift; sourceTree = "<group>"; };
		FA4BF88E2F9FE92B007B8755 /* InsightsView.swift */ = {isa = PBXFileReference; lastKnownFileType = sourcecode.swift; path = InsightsView.swift; sourceTree = "<group>"; };
		FA4BF8902F9FE92B007B8755 /* CinematicIntroView.swift */ = {isa = PBXFileReference; lastKnownFileType = sourcecode.swift; path = CinematicIntroView.swift; sourceTree = "<group>"; };
		FA4BF8912F9FE92B007B8755 /* CurrencySelectionView.swift */ = {isa = PBXFileReference; lastKnownFileType = sourcecode.swift; path = CurrencySelectionView.swift; sourceTree = "<group>"; };
		FA4BF8922F9FE92B007B8755 /* OnboardingView.swift */ = {isa = PBXFileReference; lastKnownFileType = sourcecode.swift; path = OnboardingView.swift; sourceTree = "<group>"; };
		FA4BF8942F9FE92B007B8755 /* PaywallManager.swift */ = {isa = PBXFileReference; lastKnownFileType = sourcecode.swift; path = PaywallManager.swift; sourceTree = "<group>"; };
		FA4BF8952F9FE92B007B8755 /* PaywallView.swift */ = {isa = PBXFileReference; lastKnownFileType = sourcecode.swift; path = PaywallView.swift; sourceTree = "<group>"; };
		FA4BF8972F9FE92B007B8755 /* SavingsDashboardView.swift */ = {isa = PBXFileReference; lastKnownFileType = sourcecode.swift; path = SavingsDashboardView.swift; sourceTree = "<group>"; };
		FA4BF8992F9FE92B007B8755 /* SettingsView.swift */ = {isa = PBXFileReference; lastKnownFileType = sourcecode.swift; path = SettingsView.swift; sourceTree = "<group>"; };
		FA4BF89B2F9FE92B007B8755 /* NegotiationWorkflowView.swift */ = {isa = PBXFileReference; lastKnownFileType = sourcecode.swift; path = NegotiationWorkflowView.swift; sourceTree = "<group>"; };
		FAEF3B8C2FAD0255002CD56B /* GoogleService-Info.plist */ = {isa = PBXFileReference; lastKnownFileType = text.plist.xml; path = "GoogleService-Info.plist"; sourceTree = "<group>"; };
		FB3E97C5A1D24F3B8E1C9B01 /* AuthService.swift */ = {isa = PBXFileReference; lastKnownFileType = sourcecode.swift; path = AuthService.swift; sourceTree = "<group>"; };
		FB3E97C5A1D24F3B8E1C9B02 /* AuthViewModel.swift */ = {isa = PBXFileReference; lastKnownFileType = sourcecode.swift; path = AuthViewModel.swift; sourceTree = "<group>"; };
		FB3E97C5A1D24F3B8E1C9B03 /* AuthFlowView.swift */ = {isa = PBXFileReference; lastKnownFileType = sourcecode.swift; path = AuthFlowView.swift; sourceTree = "<group>"; };
		FB3E97C5A1D24F3B8E1C9B04 /* LoginView.swift */ = {isa = PBXFileReference; lastKnownFileType = sourcecode.swift; path = LoginView.swift; sourceTree = "<group>"; };
		FB3E97C5A1D24F3B8E1C9B05 /* RegisterView.swift */ = {isa = PBXFileReference; lastKnownFileType = sourcecode.swift; path = RegisterView.swift; sourceTree = "<group>"; };
		FB3E97C5A1D24F3B8E1C9B06 /* ForgotPasswordView.swift */ = {isa = PBXFileReference; lastKnownFileType = sourcecode.swift; path = ForgotPasswordView.swift; sourceTree = "<group>"; };
		FB3E97C5A1D24F3B8E1C9B07 /* MainTabView.swift */ = {isa = PBXFileReference; lastKnownFileType = sourcecode.swift; path = MainTabView.swift; sourceTree = "<group>"; };
		FB3E97C5A1D24F3B8E1C9D21 /* UserProfile.swift */ = {isa = PBXFileReference; lastKnownFileType = sourcecode.swift; path = UserProfile.swift; sourceTree = "<group>"; };
		FB3E97C5A1D24F3B8E1C9D23 /* UserProfileService.swift */ = {isa = PBXFileReference; lastKnownFileType = sourcecode.swift; path = UserProfileService.swift; sourceTree = "<group>"; };
/* End PBXFileReference section */

/* Begin PBXFileSystemSynchronizedRootGroup section */
		FA4BF83A2F9FE803007B8755 /* Trim */ = {
			isa = PBXFileSystemSynchronizedRootGroup;
			path = Trim;
			sourceTree = "<group>";
		};
		FA4BF8482F9FE808007B8755 /* TrimTests */ = {
			isa = PBXFileSystemSynchronizedRootGroup;
			path = TrimTests;
			sourceTree = "<group>";
		};
		FA4BF8522F9FE808007B8755 /* TrimUITests */ = {
			isa = PBXFileSystemSynchronizedRootGroup;
			path = TrimUITests;
			sourceTree = "<group>";
		};
/* End PBXFileSystemSynchronizedRootGroup section */

/* Begin PBXFrameworksBuildPhase section */
		FA4BF8352F9FE802007B8755 /* Frameworks */ = {
			isa = PBXFrameworksBuildPhase;
			buildActionMask = 2147483647;
			files = (
				FAEF394F2FACE706002CD56B /* FirebaseAnalytics in Frameworks */,
				FAEF394E2FACE706002CD56B /* FirebaseFirestore in Frameworks */,
				FAEF394D2FACE706002CD56B /* FirebaseAuth in Frameworks */,
			);
			runOnlyForDeploymentPostprocessing = 0;
		};
		FA4BF8422F9FE808007B8755 /* Frameworks */ = {
			isa = PBXFrameworksBuildPhase;
			buildActionMask = 2147483647;
			files = (
			);
			runOnlyForDeploymentPostprocessing = 0;
		};
		FA4BF84C2F9FE808007B8755 /* Frameworks */ = {
			isa = PBXFrameworksBuildPhase;
			buildActionMask = 2147483647;
			files = (
			);
			runOnlyForDeploymentPostprocessing = 0;
		};
/* End PBXFrameworksBuildPhase section */

/* Begin PBXGroup section */
		FA4BF82F2F9FE802007B8755 = {
			isa = PBXGroup;
			children = (
				FA4BF8652F9FE92B007B8755 /* Trim/app */,
				FA4BF8812F9FE92B007B8755 /* Trim/core */,
				FA4BF8842F9FE92B007B8755 /* Trim/design-system */,
				FB3E97C5A1D24F3B8E1C9D20 /* Trim/Models */,
				FB3E97C5A1D24F3B8E1C9A10 /* Trim/Services */,
				FB3E97C5A1D24F3B8E1C9A11 /* Trim/ViewModels */,
				FB3E97C5A1D24F3B8E1C9A12 /* Trim/Views */,
				FA4BF89D2F9FE92B007B8755 /* Trim/features */,
				FA4BF89E2F9FE92B007B8755 /* Trim/resources */,
				FA4BF83A2F9FE803007B8755 /* Trim */,
				FA4BF8482F9FE808007B8755 /* TrimTests */,
				FA4BF8522F9FE808007B8755 /* TrimUITests */,
				FA4BF8392F9FE803007B8755 /* Products */,
			);
			sourceTree = "<group>";
		};
		FA4BF8392F9FE803007B8755 /* Products */ = {
			isa = PBXGroup;
			children = (
				FA4BF8382F9FE803007B8755 /* Trim.app */,
				FA4BF8452F9FE808007B8755 /* TrimTests.xctest */,
				FA4BF84F2F9FE808007B8755 /* TrimUITests.xctest */,
			);
			name = Products;
			sourceTree = "<group>";
		};
		FA4BF8652F9FE92B007B8755 /* Trim/app */ = {
			isa = PBXGroup;
			children = (
				FA4BF8622F9FE92B007B8755 /* LockView.swift */,
				FA4BF8632F9FE92B007B8755 /* RootView.swift */,
				FA4BF8642F9FE92B007B8755 /* TrimApp.swift */,
			);
			path = Trim/app;
			sourceTree = "<group>";
		};
		FA4BF86A2F9FE92B007B8755 /* ai */ = {
			isa = PBXGroup;
			children = (
				FA4BF8662F9FE92B007B8755 /* FinancialIntelligenceEngine.swift */,
				FA4BF8672F9FE92B007B8755 /* FreelancerEngine.swift */,
				FA4BF8682F9FE92B007B8755 /* NegotiationEngine.swift */,
				FA4BF8692F9FE92B007B8755 /* NotificationIntelligenceEngine.swift */,
			);
			path = ai;
			sourceTree = "<group>";
		};
		FA4BF86D2F9FE92B007B8755 /* models */ = {
			isa = PBXGroup;
			children = (
				FA4BF86B2F9FE92B007B8755 /* CurrencyModels.swift */,
				FA4BF86C2F9FE92B007B8755 /* Models.swift */,
			);
			path = models;
			sourceTree = "<group>";
		};
		FA4BF86F2F9FE92B007B8755 /* networking */ = {
			isa = PBXGroup;
			children = (
				FA4BF86E2F9FE92B007B8755 /* TrimApiService.swift */,
			);
			path = networking;
			sourceTree = "<group>";
		};
		FA4BF8792F9FE92B007B8755 /* security */ = {
			isa = PBXGroup;
			children = (
				FA4BF8702F9FE92B007B8755 /* ActivityTrackingModifier.swift */,
				FA4BF8722F9FE92B007B8755 /* BiometricAuthManager.swift */,
				FA4BF8732F9FE92B007B8755 /* KeychainManager.swift */,
				FA4BF8742F9FE92B007B8755 /* SecureView.swift */,
				FA4BF8752F9FE92B007B8755 /* SecurityManager.swift */,
				FA4BF8762F9FE92B007B8755 /* SecurityTransition.swift */,
				FA4BF8772F9FE92B007B8755 /* SessionLockIndicator.swift */,
				FA4BF8782F9FE92B007B8755 /* SessionManager.swift */,
			);
			path = security;
			sourceTree = "<group>";
		};
		FA4BF87E2F9FE92B007B8755 /* services */ = {
			isa = PBXGroup;
			children = (
				FA4BF87A2F9FE92B007B8755 /* CurrencyService.swift */,
				FA4BF87B2F9FE92B007B8755 /* PlaidLinkManager.swift */,
				FA4BF87C2F9FE92B007B8755 /* PlaidLinkView.swift */,
				FA4BF87D2F9FE92B007B8755 /* TransactionSyncService.swift */,
			);
			path = services;
			sourceTree = "<group>";
		};
		FA4BF8802F9FE92B007B8755 /* ui */ = {
			isa = PBXGroup;
			children = (
				FA4BF87F2F9FE92B007B8755 /* TrimDesignSystem.swift */,
			);
			path = ui;
			sourceTree = "<group>";
		};
		FA4BF8812F9FE92B007B8755 /* Trim/core */ = {
			isa = PBXGroup;
			children = (
				FA4BF86A2F9FE92B007B8755 /* ai */,
				FA4BF86D2F9FE92B007B8755 /* models */,
				FA4BF86F2F9FE92B007B8755 /* networking */,
				FA4BF8792F9FE92B007B8755 /* security */,
				FA4BF87E2F9FE92B007B8755 /* services */,
				FA4BF8802F9FE92B007B8755 /* ui */,
			);
			path = Trim/core;
			sourceTree = "<group>";
		};
		FA4BF8842F9FE92B007B8755 /* Trim/design-system */ = {
			isa = PBXGroup;
			children = (
				FA4BF8822F9FE92B007B8755 /* CurrencyAmountView.swift */,
				FA4BF8832F9FE92B007B8755 /* DesignSystem.swift */,
			);
			path = "Trim/design-system";
			sourceTree = "<group>";
		};
		FA4BF8862F9FE92B007B8755 /* auth */ = {
			isa = PBXGroup;
			children = (
			);
			path = auth;
			sourceTree = "<group>";
		};
		FA4BF8882F9FE92B007B8755 /* banking */ = {
			isa = PBXGroup;
			children = (
				FA4BF8872F9FE92B007B8755 /* BankConnectionView.swift */,
			);
			path = banking;
			sourceTree = "<group>";
		};
		FA4BF88B2F9FE92B007B8755 /* dashboard */ = {
			isa = PBXGroup;
			children = (
				FA4BF8892F9FE92B007B8755 /* DashboardView.swift */,
				FA4BF88A2F9FE92B007B8755 /* SavingsDashboardView.swift */,
			);
			path = dashboard;
			sourceTree = "<group>";
		};
		FA4BF88D2F9FE92B007B8755 /* feedback */ = {
			isa = PBXGroup;
			children = (
				FA4BF88C2F9FE92B007B8755 /* FeedbackView.swift */,
			);
			path = feedback;
			sourceTree = "<group>";
		};
		FA4BF88F2F9FE92B007B8755 /* insights */ = {
			isa = PBXGroup;
			children = (
				FA4BF88E2F9FE92B007B8755 /* InsightsView.swift */,
			);
			path = insights;
			sourceTree = "<group>";
		};
		FA4BF8932F9FE92B007B8755 /* onboarding */ = {
			isa = PBXGroup;
			children = (
				FA4BF8902F9FE92B007B8755 /* CinematicIntroView.swift */,
				FA4BF8912F9FE92B007B8755 /* CurrencySelectionView.swift */,
				FA4BF8922F9FE92B007B8755 /* OnboardingView.swift */,
			);
			path = onboarding;
			sourceTree = "<group>";
		};
		FA4BF8962F9FE92B007B8755 /* paywall */ = {
			isa = PBXGroup;
			children = (
				FA4BF8942F9FE92B007B8755 /* PaywallManager.swift */,
				FA4BF8952F9FE92B007B8755 /* PaywallView.swift */,
			);
			path = paywall;
			sourceTree = "<group>";
		};
		FA4BF8982F9FE92B007B8755 /* savings */ = {
			isa = PBXGroup;
			children = (
				FA4BF8972F9FE92B007B8755 /* SavingsDashboardView.swift */,
			);
			path = savings;
			sourceTree = "<group>";
		};
		FA4BF89A2F9FE92B007B8755 /* settings */ = {
			isa = PBXGroup;
			children = (
				FA4BF8992F9FE92B007B8755 /* SettingsView.swift */,
			);
			path = settings;
			sourceTree = "<group>";
		};
		FA4BF89C2F9FE92B007B8755 /* subscriptions */ = {
			isa = PBXGroup;
			children = (
				FA4BF89B2F9FE92B007B8755 /* NegotiationWorkflowView.swift */,
			);
			path = subscriptions;
			sourceTree = "<group>";
		};
		FA4BF89D2F9FE92B007B8755 /* Trim/features */ = {
			isa = PBXGroup;
			children = (
				FA4BF8862F9FE92B007B8755 /* auth */,
				FA4BF8882F9FE92B007B8755 /* banking */,
				FA4BF88B2F9FE92B007B8755 /* dashboard */,
				FA4BF88D2F9FE92B007B8755 /* feedback */,
				FA4BF88F2F9FE92B007B8755 /* insights */,
				FA4BF8932F9FE92B007B8755 /* onboarding */,
				FA4BF8962F9FE92B007B8755 /* paywall */,
				FA4BF8982F9FE92B007B8755 /* savings */,
				FA4BF89A2F9FE92B007B8755 /* settings */,
				FA4BF89C2F9FE92B007B8755 /* subscriptions */,
			);
			path = Trim/features;
			sourceTree = "<group>";
		};
		FA4BF89E2F9FE92B007B8755 /* Trim/resources */ = {
			isa = PBXGroup;
			children = (
				BEE72FEA9AF44EBAAC42DAD9 /* Trim/Assets.xcassets */,
				FAEF3B8C2FAD0255002CD56B /* GoogleService-Info.plist */,
			);
			path = Trim/resources;
			sourceTree = "<group>";
		};
		FB3E97C5A1D24F3B8E1C9D20 /* Trim/Models */ = {
			isa = PBXGroup;
			children = (
				FB3E97C5A1D24F3B8E1C9D21 /* UserProfile.swift */,
			);
			path = Trim/Models;
			sourceTree = "<group>";
		};
		FB3E97C5A1D24F3B8E1C9A10 /* Trim/Services */ = {
			isa = PBXGroup;
			children = (
				FB3E97C5A1D24F3B8E1C9B01 /* AuthService.swift */,
				FB3E97C5A1D24F3B8E1C9D23 /* UserProfileService.swift */,
			);
			path = Trim/Services;
			sourceTree = "<group>";
		};
		FB3E97C5A1D24F3B8E1C9A11 /* Trim/ViewModels */ = {
			isa = PBXGroup;
			children = (
				FB3E97C5A1D24F3B8E1C9B02 /* AuthViewModel.swift */,
			);
			path = Trim/ViewModels;
			sourceTree = "<group>";
		};
		FB3E97C5A1D24F3B8E1C9A12 /* Trim/Views */ = {
			isa = PBXGroup;
			children = (
				FB3E97C5A1D24F3B8E1C9B03 /* AuthFlowView.swift */,
				FB3E97C5A1D24F3B8E1C9B06 /* ForgotPasswordView.swift */,
				FB3E97C5A1D24F3B8E1C9B04 /* LoginView.swift */,
				FB3E97C5A1D24F3B8E1C9B07 /* MainTabView.swift */,
				FB3E97C5A1D24F3B8E1C9B05 /* RegisterView.swift */,
			);
			path = Trim/Views;
			sourceTree = "<group>";
		};
/* End PBXGroup section */

/* Begin PBXNativeTarget section */
		FA4BF8372F9FE802007B8755 /* Trim */ = {
			isa = PBXNativeTarget;
			buildConfigurationList = FA4BF8592F9FE808007B8755 /* Build configuration list for PBXNativeTarget "Trim" */;
			buildPhases = (
				FA4BF8342F9FE802007B8755 /* Sources */,
				FA4BF8352F9FE802007B8755 /* Frameworks */,
				FA4BF8362F9FE802007B8755 /* Resources */,
			);
			buildRules = (
			);
			dependencies = (
			);
			name = Trim;
			packageProductDependencies = (
				F13E57B1A1B2C3D4E5F60708 /* FirebaseAuth */,
				F13E57B2A1B2C3D4E5F60708 /* FirebaseFirestore */,
				F13E57B3A1B2C3D4E5F60708 /* FirebaseAnalytics */,
			);
			productName = Trim;
			productReference = FA4BF8382F9FE803007B8755 /* Trim.app */;
			productType = "com.apple.product-type.application";
		};
		FA4BF8442F9FE808007B8755 /* TrimTests */ = {
			isa = PBXNativeTarget;
			buildConfigurationList = FA4BF85C2F9FE808007B8755 /* Build configuration list for PBXNativeTarget "TrimTests" */;
			buildPhases = (
				FA4BF8412F9FE808007B8755 /* Sources */,
				FA4BF8422F9FE808007B8755 /* Frameworks */,
				FA4BF8432F9FE808007B8755 /* Resources */,
			);
			buildRules = (
			);
			dependencies = (
				FA4BF8472F9FE808007B8755 /* PBXTargetDependency */,
			);
			fileSystemSynchronizedGroups = (
				FA4BF8482F9FE808007B8755 /* TrimTests */,
			);
			name = TrimTests;
			packageProductDependencies = (
			);
			productName = TrimTests;
			productReference = FA4BF8452F9FE808007B8755 /* TrimTests.xctest */;
			productType = "com.apple.product-type.bundle.unit-test";
		};
		FA4BF84E2F9FE808007B8755 /* TrimUITests */ = {
			isa = PBXNativeTarget;
			buildConfigurationList = FA4BF85F2F9FE808007B8755 /* Build configuration list for PBXNativeTarget "TrimUITests" */;
			buildPhases = (
				FA4BF84B2F9FE808007B8755 /* Sources */,
				FA4BF84C2F9FE808007B8755 /* Frameworks */,
				FA4BF84D2F9FE808007B8755 /* Resources */,
			);
			buildRules = (
			);
			dependencies = (
				FA4BF8512F9FE808007B8755 /* PBXTargetDependency */,
			);
			fileSystemSynchronizedGroups = (
				FA4BF8522F9FE808007B8755 /* TrimUITests */,
			);
			name = TrimUITests;
			packageProductDependencies = (
			);
			productName = TrimUITests;
			productReference = FA4BF84F2F9FE808007B8755 /* TrimUITests.xctest */;
			productType = "com.apple.product-type.bundle.ui-testing";
		};
/* End PBXNativeTarget section */

/* Begin PBXProject section */
		FA4BF8302F9FE802007B8755 /* Project object */ = {
			isa = PBXProject;
			attributes = {
				BuildIndependentTargetsInParallel = 1;
				LastSwiftUpdateCheck = 2640;
				LastUpgradeCheck = 2640;
				TargetAttributes = {
					FA4BF8372F9FE802007B8755 = {
						CreatedOnToolsVersion = 26.4.1;
					};
					FA4BF8442F9FE808007B8755 = {
						CreatedOnToolsVersion = 26.4.1;
						TestTargetID = FA4BF8372F9FE802007B8755;
					};
					FA4BF84E2F9FE808007B8755 = {
						CreatedOnToolsVersion = 26.4.1;
						TestTargetID = FA4BF8372F9FE802007B8755;
					};
				};
			};
			buildConfigurationList = FA4BF8332F9FE802007B8755 /* Build configuration list for PBXProject "Trim" */;
			developmentRegion = en;
			hasScannedForEncodings = 0;
			knownRegions = (
				en,
				Base,
			);
			mainGroup = FA4BF82F2F9FE802007B8755;
			minimizedProjectReferenceProxies = 1;
			packageReferences = (
				F13E57B0A1B2C3D4E5F60708 /* XCRemoteSwiftPackageReference "firebase-ios-sdk" */,
			);
			preferredProjectObjectVersion = 77;
			productRefGroup = FA4BF8392F9FE803007B8755 /* Products */;
			projectDirPath = "";
			projectRoot = "";
			targets = (
				FA4BF8372F9FE802007B8755 /* Trim */,
				FA4BF8442F9FE808007B8755 /* TrimTests */,
				FA4BF84E2F9FE808007B8755 /* TrimUITests */,
			);
		};
/* End PBXProject section */

/* Begin PBXBuildRule section */
			/* End PBXBuildRule section */

/* Begin PBXShellScriptBuildPhase section */
/* End PBXShellScriptBuildPhase section */

/* Begin PBXResourcesBuildPhase section */
		FA4BF8362F9FE802007B8755 /* Resources */ = {
			isa = PBXResourcesBuildPhase;
			buildActionMask = 2147483647;
			files = (
				FAEF3B8D2FAD0255002CD56B /* GoogleService-Info.plist in Resources */,
			);
			runOnlyForDeploymentPostprocessing = 0;
		};
		FA4BF8432F9FE808007B8755 /* Resources */ = {
			isa = PBXResourcesBuildPhase;
			buildActionMask = 2147483647;
			files = (
			);
			runOnlyForDeploymentPostprocessing = 0;
		};
		FA4BF84D2F9FE808007B8755 /* Resources */ = {
			isa = PBXResourcesBuildPhase;
			buildActionMask = 2147483647;
			files = (
			);
			runOnlyForDeploymentPostprocessing = 0;
		};
/* End PBXResourcesBuildPhase section */

/* Begin PBXSourcesBuildPhase section */
		FA4BF8342F9FE802007B8755 /* Sources */ = {
			isa = PBXSourcesBuildPhase;
			buildActionMask = 2147483647;
			files = (
				FA4BF89F2F9FE92B007B8755 /* SecureView.swift in Sources */,
				FA4BF8A02F9FE92B007B8755 /* DesignSystem.swift in Sources */,
				FA4BF8A12F9FE92B007B8755 /* DashboardView.swift in Sources */,
				FA4BF8A22F9FE92B007B8755 /* Models.swift in Sources */,
				FA4BF8A32F9FE92B007B8755 /* KeychainManager.swift in Sources */,
				FA4BF8A42F9FE92B007B8755 /* PaywallView.swift in Sources */,
				FA4BF8A52F9FE92B007B8755 /* BiometricAuthManager.swift in Sources */,
				FA4BF8A62F9FE92B007B8755 /* TrimApp.swift in Sources */,
				FA4BF8A72F9FE92B007B8755 /* CurrencyModels.swift in Sources */,
				FA4BF8A82F9FE92B007B8755 /* SecurityManager.swift in Sources */,
				FA4BF8A92F9FE92B007B8755 /* SavingsDashboardView.swift in Sources */,
				FA4BF8AA2F9FE92B007B8755 /* OnboardingView.swift in Sources */,
				FA4BF8AB2F9FE92B007B8755 /* NegotiationEngine.swift in Sources */,
				FA4BF8AC2F9FE92B007B8755 /* PaywallManager.swift in Sources */,
				FA4BF8AD2F9FE92B007B8755 /* SecurityTransition.swift in Sources */,
				FA4BF8AF2F9FE92B007B8755 /* CurrencySelectionView.swift in Sources */,
				FA4BF8B02F9FE92B007B8755 /* SessionManager.swift in Sources */,
				FA4BF8B12F9FE92B007B8755 /* RootView.swift in Sources */,
				FA4BF8B22F9FE92B007B8755 /* LockView.swift in Sources */,
				FA4BF8B32F9FE92B007B8755 /* CinematicIntroView.swift in Sources */,
				FA4BF8B42F9FE92B007B8755 /* FreelancerEngine.swift in Sources */,
				FA4BF8B52F9FE92B007B8755 /* TransactionSyncService.swift in Sources */,
				FA4BF8B62F9FE92B007B8755 /* NegotiationWorkflowView.swift in Sources */,
				FA4BF8B72F9FE92B007B8755 /* FeedbackView.swift in Sources */,
				FA4BF8B82F9FE92B007B8755 /* PlaidLinkManager.swift in Sources */,
				FA4BF8B92F9FE92B007B8755 /* NotificationIntelligenceEngine.swift in Sources */,
				FA4BF8BA2F9FE92B007B8755 /* ActivityTrackingModifier.swift in Sources */,
				FA4BF8BB2F9FE92B007B8755 /* SessionLockIndicator.swift in Sources */,
				FA4BF8BC2F9FE92B007B8755 /* TrimApiService.swift in Sources */,
				FA4BF8BD2F9FE92B007B8755 /* CurrencyAmountView.swift in Sources */,
				FA4BF8BF2F9FE92B007B8755 /* CurrencyService.swift in Sources */,
				FA4BF8C02F9FE92B007B8755 /* InsightsView.swift in Sources */,
				FB3E97C5A1D24F3B8E1C9C03 /* AuthFlowView.swift in Sources */,
				FB3E97C5A1D24F3B8E1C9C06 /* ForgotPasswordView.swift in Sources */,
				FB3E97C5A1D24F3B8E1C9C04 /* LoginView.swift in Sources */,
				FB3E97C5A1D24F3B8E1C9C07 /* MainTabView.swift in Sources */,
				FB3E97C5A1D24F3B8E1C9C05 /* RegisterView.swift in Sources */,
				FB3E97C5A1D24F3B8E1C9C01 /* AuthService.swift in Sources */,
				FB3E97C5A1D24F3B8E1C9C02 /* AuthViewModel.swift in Sources */,
				FB3E97C5A1D24F3B8E1C9D22 /* UserProfile.swift in Sources */,
				FB3E97C5A1D24F3B8E1C9D24 /* UserProfileService.swift in Sources */,
				FA4BF8C32F9FE92B007B8755 /* FinancialIntelligenceEngine.swift in Sources */,
				FA4BF8C42F9FE92B007B8755 /* SettingsView.swift in Sources */,
				FA4BF8C52F9FE92B007B8755 /* PlaidLinkView.swift in Sources */,
				FA4BF8C62F9FE92B007B8755 /* BankConnectionView.swift in Sources */,
			);
			runOnlyForDeploymentPostprocessing = 0;
		};
		FA4BF8412F9FE808007B8755 /* Sources */ = {
			isa = PBXSourcesBuildPhase;
			buildActionMask = 2147483647;
			files = (
			);
			runOnlyForDeploymentPostprocessing = 0;
		};
		FA4BF84B2F9FE808007B8755 /* Sources */ = {
			isa = PBXSourcesBuildPhase;
			buildActionMask = 2147483647;
			files = (
			);
			runOnlyForDeploymentPostprocessing = 0;
		};
/* End PBXSourcesBuildPhase section */

/* Begin PBXTargetDependency section */
		FA4BF8472F9FE808007B8755 /* PBXTargetDependency */ = {
			isa = PBXTargetDependency;
			target = FA4BF8372F9FE802007B8755 /* Trim */;
			targetProxy = FA4BF8462F9FE808007B8755 /* PBXContainerItemProxy */;
		};
		FA4BF8512F9FE808007B8755 /* PBXTargetDependency */ = {
			isa = PBXTargetDependency;
			target = FA4BF8372F9FE802007B8755 /* Trim */;
			targetProxy = FA4BF8502F9FE808007B8755 /* PBXContainerItemProxy */;
		};
/* End PBXTargetDependency section */

/* Begin XCBuildConfiguration section */
		FA4BF8572F9FE808007B8755 /* Debug */ = {
			isa = XCBuildConfiguration;
			buildSettings = {
				ALWAYS_SEARCH_USER_PATHS = NO;
				ASSETCATALOG_COMPILER_GENERATE_SWIFT_ASSET_SYMBOL_EXTENSIONS = YES;
				CLANG_ANALYZER_NONNULL = YES;
				CLANG_ANALYZER_NUMBER_OBJECT_CONVERSION = YES_AGGRESSIVE;
				CLANG_CXX_LANGUAGE_STANDARD = "gnu++20";
				CLANG_ENABLE_MODULES = YES;
				CLANG_ENABLE_OBJC_ARC = YES;
				CLANG_ENABLE_OBJC_WEAK = YES;
				CLANG_WARN_BLOCK_CAPTURE_AUTORELEASING = YES;
				CLANG_WARN_BOOL_CONVERSION = YES;
				CLANG_WARN_COMMA = YES;
				CLANG_WARN_CONSTANT_CONVERSION = YES;
				CLANG_WARN_DEPRECATED_OBJC_IMPLEMENTATIONS = YES;
				CLANG_WARN_DIRECT_OBJC_ISA_USAGE = YES_ERROR;
				CLANG_WARN_DOCUMENTATION_COMMENTS = YES;
				CLANG_WARN_EMPTY_BODY = YES;
				CLANG_WARN_ENUM_CONVERSION = YES;
				CLANG_WARN_INFINITE_RECURSION = YES;
				CLANG_WARN_INT_CONVERSION = YES;
				CLANG_WARN_NON_LITERAL_NULL_CONVERSION = YES;
				CLANG_WARN_OBJC_IMPLICIT_RETAIN_SELF = YES;
				CLANG_WARN_OBJC_LITERAL_CONVERSION = YES;
				CLANG_WARN_OBJC_ROOT_CLASS = YES_ERROR;
				CLANG_WARN_QUOTED_INCLUDE_IN_FRAMEWORK_HEADER = YES;
				CLANG_WARN_RANGE_LOOP_ANALYSIS = YES;
				CLANG_WARN_STRICT_PROTOTYPES = YES;
				CLANG_WARN_SUSPICIOUS_MOVE = YES;
				CLANG_WARN_UNGUARDED_AVAILABILITY = YES_AGGRESSIVE;
				CLANG_WARN_UNREACHABLE_CODE = YES;
				CLANG_WARN__DUPLICATE_METHOD_MATCH = YES;
				COPY_PHASE_STRIP = NO;
				DEBUG_INFORMATION_FORMAT = dwarf;
				ENABLE_STRICT_OBJC_MSGSEND = YES;
				ENABLE_TESTABILITY = YES;
				ENABLE_USER_SCRIPT_SANDBOXING = NO;
				GCC_C_LANGUAGE_STANDARD = gnu17;
				GCC_DYNAMIC_NO_PIC = NO;
				GCC_NO_COMMON_BLOCKS = YES;
				GCC_OPTIMIZATION_LEVEL = 0;
				GCC_PREPROCESSOR_DEFINITIONS = (
					"DEBUG=1",
					"$(inherited)",
				);
				GCC_WARN_64_TO_32_BIT_CONVERSION = YES;
				GCC_WARN_ABOUT_RETURN_TYPE = YES_ERROR;
				GCC_WARN_UNDECLARED_SELECTOR = YES;
				GCC_WARN_UNINITIALIZED_AUTOS = YES_AGGRESSIVE;
				GCC_WARN_UNUSED_FUNCTION = YES;
				GCC_WARN_UNUSED_VARIABLE = YES;
				IPHONEOS_DEPLOYMENT_TARGET = 26.4;
				LOCALIZATION_PREFERS_STRING_CATALOGS = YES;
				MTL_ENABLE_DEBUG_INFO = INCLUDE_SOURCE;
				MTL_FAST_MATH = YES;
				ONLY_ACTIVE_ARCH = YES;
				SDKROOT = iphoneos;
				SWIFT_ACTIVE_COMPILATION_CONDITIONS = "DEBUG $(inherited)";
				SWIFT_OPTIMIZATION_LEVEL = "-Onone";
			};
			name = Debug;
		};
		FA4BF8582F9FE808007B8755 /* Release */ = {
			isa = XCBuildConfiguration;
			buildSettings = {
				ALWAYS_SEARCH_USER_PATHS = NO;
				ASSETCATALOG_COMPILER_GENERATE_SWIFT_ASSET_SYMBOL_EXTENSIONS = YES;
				CLANG_ANALYZER_NONNULL = YES;
				CLANG_ANALYZER_NUMBER_OBJECT_CONVERSION = YES_AGGRESSIVE;
				CLANG_CXX_LANGUAGE_STANDARD = "gnu++20";
				CLANG_ENABLE_MODULES = YES;
				CLANG_ENABLE_OBJC_ARC = YES;
				CLANG_ENABLE_OBJC_WEAK = YES;
				CLANG_WARN_BLOCK_CAPTURE_AUTORELEASING = YES;
				CLANG_WARN_BOOL_CONVERSION = YES;
				CLANG_WARN_COMMA = YES;
				CLANG_WARN_CONSTANT_CONVERSION = YES;
				CLANG_WARN_DEPRECATED_OBJC_IMPLEMENTATIONS = YES;
				CLANG_WARN_DIRECT_OBJC_ISA_USAGE = YES_ERROR;
				CLANG_WARN_DOCUMENTATION_COMMENTS = YES;
				CLANG_WARN_EMPTY_BODY = YES;
				CLANG_WARN_ENUM_CONVERSION = YES;
				CLANG_WARN_INFINITE_RECURSION = YES;
				CLANG_WARN_INT_CONVERSION = YES;
				CLANG_WARN_NON_LITERAL_NULL_CONVERSION = YES;
				CLANG_WARN_OBJC_IMPLICIT_RETAIN_SELF = YES;
				CLANG_WARN_OBJC_LITERAL_CONVERSION = YES;
				CLANG_WARN_OBJC_ROOT_CLASS = YES_ERROR;
				CLANG_WARN_QUOTED_INCLUDE_IN_FRAMEWORK_HEADER = YES;
				CLANG_WARN_RANGE_LOOP_ANALYSIS = YES;
				CLANG_WARN_STRICT_PROTOTYPES = YES;
				CLANG_WARN_SUSPICIOUS_MOVE = YES;
				CLANG_WARN_UNGUARDED_AVAILABILITY = YES_AGGRESSIVE;
				CLANG_WARN_UNREACHABLE_CODE = YES;
				CLANG_WARN__DUPLICATE_METHOD_MATCH = YES;
				COPY_PHASE_STRIP = NO;
				DEBUG_INFORMATION_FORMAT = "dwarf-with-dsym";
				ENABLE_NS_ASSERTIONS = NO;
				ENABLE_STRICT_OBJC_MSGSEND = YES;
				ENABLE_USER_SCRIPT_SANDBOXING = NO;
				GCC_C_LANGUAGE_STANDARD = gnu17;
				GCC_NO_COMMON_BLOCKS = YES;
				GCC_WARN_64_TO_32_BIT_CONVERSION = YES;
				GCC_WARN_ABOUT_RETURN_TYPE = YES_ERROR;
				GCC_WARN_UNDECLARED_SELECTOR = YES;
				GCC_WARN_UNINITIALIZED_AUTOS = YES_AGGRESSIVE;
				GCC_WARN_UNUSED_FUNCTION = YES;
				GCC_WARN_UNUSED_VARIABLE = YES;
				IPHONEOS_DEPLOYMENT_TARGET = 26.4;
				LOCALIZATION_PREFERS_STRING_CATALOGS = YES;
				MTL_ENABLE_DEBUG_INFO = NO;
				MTL_FAST_MATH = YES;
				SDKROOT = iphoneos;
				SWIFT_COMPILATION_MODE = wholemodule;
				VALIDATE_PRODUCT = YES;
			};
			name = Release;
		};
		FA4BF85A2F9FE808007B8755 /* Debug */ = {
			isa = XCBuildConfiguration;
			buildSettings = {
				ASSETCATALOG_COMPILER_APPICON_NAME = AppIcon;
				ASSETCATALOG_COMPILER_GLOBAL_ACCENT_COLOR_NAME = AccentColor;
				CODE_SIGN_STYLE = Automatic;
				CURRENT_PROJECT_VERSION = 1;
				DEVELOPMENT_TEAM = SC5G3FJ7FG;
				ENABLE_PREVIEWS = YES;
				GENERATE_INFOPLIST_FILE = YES;
				INFOPLIST_KEY_UIApplicationSceneManifest_Generation = YES;
				INFOPLIST_KEY_UIApplicationSupportsIndirectInputEvents = YES;
				INFOPLIST_KEY_UILaunchScreen_Generation = YES;
				INFOPLIST_KEY_UISupportedInterfaceOrientations_iPad = "UIInterfaceOrientationPortrait UIInterfaceOrientationPortraitUpsideDown UIInterfaceOrientationLandscapeLeft UIInterfaceOrientationLandscapeRight";
				INFOPLIST_KEY_UISupportedInterfaceOrientations_iPhone = "UIInterfaceOrientationPortrait UIInterfaceOrientationLandscapeLeft UIInterfaceOrientationLandscapeRight";
				LD_RUNPATH_SEARCH_PATHS = (
					"$(inherited)",
					"@executable_path/Frameworks",
				);
				MARKETING_VERSION = 1.0;
				PRODUCT_BUNDLE_IDENTIFIER = com.veloranlabs.trim;
				PRODUCT_NAME = "$(TARGET_NAME)";
				STRING_CATALOG_GENERATE_SYMBOLS = YES;
				SWIFT_APPROACHABLE_CONCURRENCY = YES;
				SWIFT_DEFAULT_ACTOR_ISOLATION = MainActor;
				SWIFT_EMIT_LOC_STRINGS = YES;
				SWIFT_UPCOMING_FEATURE_MEMBER_IMPORT_VISIBILITY = YES;
				SWIFT_VERSION = 5.0;
				TARGETED_DEVICE_FAMILY = "1,2";
			};
			name = Debug;
		};
		FA4BF85B2F9FE808007B8755 /* Release */ = {
			isa = XCBuildConfiguration;
			buildSettings = {
				ASSETCATALOG_COMPILER_APPICON_NAME = AppIcon;
				ASSETCATALOG_COMPILER_GLOBAL_ACCENT_COLOR_NAME = AccentColor;
				CODE_SIGN_STYLE = Automatic;
				CURRENT_PROJECT_VERSION = 1;
				DEVELOPMENT_TEAM = SC5G3FJ7FG;
				ENABLE_PREVIEWS = YES;
				GENERATE_INFOPLIST_FILE = YES;
				INFOPLIST_KEY_UIApplicationSceneManifest_Generation = YES;
				INFOPLIST_KEY_UIApplicationSupportsIndirectInputEvents = YES;
				INFOPLIST_KEY_UILaunchScreen_Generation = YES;
				INFOPLIST_KEY_UISupportedInterfaceOrientations_iPad = "UIInterfaceOrientationPortrait UIInterfaceOrientationPortraitUpsideDown UIInterfaceOrientationLandscapeLeft UIInterfaceOrientationLandscapeRight";
				INFOPLIST_KEY_UISupportedInterfaceOrientations_iPhone = "UIInterfaceOrientationPortrait UIInterfaceOrientationLandscapeLeft UIInterfaceOrientationLandscapeRight";
				LD_RUNPATH_SEARCH_PATHS = (
					"$(inherited)",
					"@executable_path/Frameworks",
				);
				MARKETING_VERSION = 1.0;
				PRODUCT_BUNDLE_IDENTIFIER = com.veloranlabs.trim;
				PRODUCT_NAME = "$(TARGET_NAME)";
				STRING_CATALOG_GENERATE_SYMBOLS = YES;
				SWIFT_APPROACHABLE_CONCURRENCY = YES;
				SWIFT_DEFAULT_ACTOR_ISOLATION = MainActor;
				SWIFT_EMIT_LOC_STRINGS = YES;
				SWIFT_UPCOMING_FEATURE_MEMBER_IMPORT_VISIBILITY = YES;
				SWIFT_VERSION = 5.0;
				TARGETED_DEVICE_FAMILY = "1,2";
			};
			name = Release;
		};
		FA4BF85D2F9FE808007B8755 /* Debug */ = {
			isa = XCBuildConfiguration;
			buildSettings = {
				BUNDLE_LOADER = "$(TEST_HOST)";
				CODE_SIGN_STYLE = Automatic;
				CURRENT_PROJECT_VERSION = 1;
				GENERATE_INFOPLIST_FILE = YES;
				IPHONEOS_DEPLOYMENT_TARGET = 26.4;
				MARKETING_VERSION = 1.0;
				PRODUCT_BUNDLE_IDENTIFIER = com.veloranlabs.trimTests;
				PRODUCT_NAME = "$(TARGET_NAME)";
				STRING_CATALOG_GENERATE_SYMBOLS = NO;
				SWIFT_APPROACHABLE_CONCURRENCY = YES;
				SWIFT_EMIT_LOC_STRINGS = NO;
				SWIFT_UPCOMING_FEATURE_MEMBER_IMPORT_VISIBILITY = YES;
				SWIFT_VERSION = 5.0;
				TARGETED_DEVICE_FAMILY = "1,2";
				TEST_HOST = "$(BUILT_PRODUCTS_DIR)/Trim.app/$(BUNDLE_EXECUTABLE_FOLDER_PATH)/Trim";
			};
			name = Debug;
		};
		FA4BF85E2F9FE808007B8755 /* Release */ = {
			isa = XCBuildConfiguration;
			buildSettings = {
				BUNDLE_LOADER = "$(TEST_HOST)";
				CODE_SIGN_STYLE = Automatic;
				CURRENT_PROJECT_VERSION = 1;
				GENERATE_INFOPLIST_FILE = YES;
				IPHONEOS_DEPLOYMENT_TARGET = 26.4;
				MARKETING_VERSION = 1.0;
				PRODUCT_BUNDLE_IDENTIFIER = com.veloranlabs.trimTests;
				PRODUCT_NAME = "$(TARGET_NAME)";
				STRING_CATALOG_GENERATE_SYMBOLS = NO;
				SWIFT_APPROACHABLE_CONCURRENCY = YES;
				SWIFT_EMIT_LOC_STRINGS = NO;
				SWIFT_UPCOMING_FEATURE_MEMBER_IMPORT_VISIBILITY = YES;
				SWIFT_VERSION = 5.0;
				TARGETED_DEVICE_FAMILY = "1,2";
				TEST_HOST = "$(BUILT_PRODUCTS_DIR)/Trim.app/$(BUNDLE_EXECUTABLE_FOLDER_PATH)/Trim";
			};
			name = Release;
		};
		FA4BF8602F9FE808007B8755 /* Debug */ = {
			isa = XCBuildConfiguration;
			buildSettings = {
				CODE_SIGN_STYLE = Automatic;
				CURRENT_PROJECT_VERSION = 1;
				GENERATE_INFOPLIST_FILE = YES;
				MARKETING_VERSION = 1.0;
				PRODUCT_BUNDLE_IDENTIFIER = com.veloranlabs.trimUITests;
				PRODUCT_NAME = "$(TARGET_NAME)";
				STRING_CATALOG_GENERATE_SYMBOLS = NO;
				SWIFT_APPROACHABLE_CONCURRENCY = YES;
				SWIFT_EMIT_LOC_STRINGS = NO;
				SWIFT_UPCOMING_FEATURE_MEMBER_IMPORT_VISIBILITY = YES;
				SWIFT_VERSION = 5.0;
				TARGETED_DEVICE_FAMILY = "1,2";
				TEST_TARGET_NAME = Trim;
			};
			name = Debug;
		};
		FA4BF8612F9FE808007B8755 /* Release */ = {
			isa = XCBuildConfiguration;
			buildSettings = {
				CODE_SIGN_STYLE = Automatic;
				CURRENT_PROJECT_VERSION = 1;
				GENERATE_INFOPLIST_FILE = YES;
				MARKETING_VERSION = 1.0;
				PRODUCT_BUNDLE_IDENTIFIER = com.veloranlabs.trimUITests;
				PRODUCT_NAME = "$(TARGET_NAME)";
				STRING_CATALOG_GENERATE_SYMBOLS = NO;
				SWIFT_APPROACHABLE_CONCURRENCY = YES;
				SWIFT_EMIT_LOC_STRINGS = NO;
				SWIFT_UPCOMING_FEATURE_MEMBER_IMPORT_VISIBILITY = YES;
				SWIFT_VERSION = 5.0;
				TARGETED_DEVICE_FAMILY = "1,2";
				TEST_TARGET_NAME = Trim;
			};
			name = Release;
		};
/* End XCBuildConfiguration section */

/* Begin XCConfigurationList section */
		FA4BF8332F9FE802007B8755 /* Build configuration list for PBXProject "Trim" */ = {
			isa = XCConfigurationList;
			buildConfigurations = (
				FA4BF8572F9FE808007B8755 /* Debug */,
				FA4BF8582F9FE808007B8755 /* Release */,
			);
			defaultConfigurationIsVisible = 0;
			defaultConfigurationName = Release;
		};
		FA4BF8592F9FE808007B8755 /* Build configuration list for PBXNativeTarget "Trim" */ = {
			isa = XCConfigurationList;
			buildConfigurations = (
				FA4BF85A2F9FE808007B8755 /* Debug */,
				FA4BF85B2F9FE808007B8755 /* Release */,
			);
			defaultConfigurationIsVisible = 0;
			defaultConfigurationName = Release;
		};
		FA4BF85C2F9FE808007B8755 /* Build configuration list for PBXNativeTarget "TrimTests" */ = {
			isa = XCConfigurationList;
			buildConfigurations = (
				FA4BF85D2F9FE808007B8755 /* Debug */,
				FA4BF85E2F9FE808007B8755 /* Release */,
			);
			defaultConfigurationIsVisible = 0;
			defaultConfigurationName = Release;
		};
		FA4BF85F2F9FE808007B8755 /* Build configuration list for PBXNativeTarget "TrimUITests" */ = {
			isa = XCConfigurationList;
			buildConfigurations = (
				FA4BF8602F9FE808007B8755 /* Debug */,
				FA4BF8612F9FE808007B8755 /* Release */,
			);
			defaultConfigurationIsVisible = 0;
			defaultConfigurationName = Release;
		};
/* End XCConfigurationList section */

/* Begin XCRemoteSwiftPackageReference section */
		F13E57B0A1B2C3D4E5F60708 /* XCRemoteSwiftPackageReference "firebase-ios-sdk" */ = {
			isa = XCRemoteSwiftPackageReference;
			repositoryURL = "https://github.com/firebase/firebase-ios-sdk";
			requirement = {
				kind = upToNextMajorVersion;
				minimumVersion = 12.13.0;
			};
		};
/* End XCRemoteSwiftPackageReference section */

/* Begin XCSwiftPackageProductDependency section */
		F13E57B1A1B2C3D4E5F60708 /* FirebaseAuth */ = {
			isa = XCSwiftPackageProductDependency;
			package = F13E57B0A1B2C3D4E5F60708 /* XCRemoteSwiftPackageReference "firebase-ios-sdk" */;
			productName = FirebaseAuth;
		};
		F13E57B2A1B2C3D4E5F60708 /* FirebaseFirestore */ = {
			isa = XCSwiftPackageProductDependency;
			package = F13E57B0A1B2C3D4E5F60708 /* XCRemoteSwiftPackageReference "firebase-ios-sdk" */;
			productName = FirebaseFirestore;
		};
		F13E57B3A1B2C3D4E5F60708 /* FirebaseAnalytics */ = {
			isa = XCSwiftPackageProductDependency;
			package = F13E57B0A1B2C3D4E5F60708 /* XCRemoteSwiftPackageReference "firebase-ios-sdk" */;
			productName = FirebaseAnalytics;
		};
/* End XCSwiftPackageProductDependency section */
	};
	rootObject = FA4BF8302F9FE802007B8755 /* Project object */;
}
